
Microsoft Visual Studio Solution File, Format Version 12.00
# Visual Studio Version 17
VisualStudioVersion = 17.4.33213.308
MinimumVisualStudioVersion = 10.0.40219.1
Project("{FAE04EC0-301F-11D3-BF4B-00C04F79EFBC}") = "TemperatureConverter", "TemperatureConverter\TemperatureConverter.csproj", "{517A9C4B-E74B-46FF-993A-4C2A7C8220F8}"
EndProject
Global
	GlobalSection(SolutionConfigurationPlatforms) = preSolution
		Debug|Any CPU = Debug|Any CPU
		Release|Any CPU = Release|Any CPU
	EndGlobalSection
	GlobalSection(ProjectConfigurationPlatforms) = postSolution
		{517A9C4B-E74B-46FF-993A-4C2A7C8220F8}.Debug|Any CPU.ActiveCfg = Debug|Any CPU
		{517A9C4B-E74B-46FF-993A-4C2A7C8220F8}.Debug|Any CPU.Build.0 = Debug|Any CPU
		{517A9C4B-E74B-46FF-993A-4C2A7C8220F8}.Release|Any CPU.ActiveCfg = Release|Any CPU
		{517A9C4B-E74B-46FF-993A-4C2A7C8220F8}.Release|Any CPU.Build.0 = Release|Any CPU
	EndGlobalSection
	GlobalSection(SolutionProperties) = preSolution
		HideSolutionNode = FALSE
	EndGlobalSection
	GlobalSection(ExtensibilityGlobals) = postSolution
		SolutionGuid = {C542F0DD-8C8E-4576-8ED6-D0CD8A0E4845}
	EndGlobalSection
EndGlobal
